
Microsoft Visual Studio Solution File, Format Version 12.00
# Visual Studio Version 17
VisualStudioVersion = 17.9.34701.34
MinimumVisualStudioVersion = 10.0.40219.1
Project("{9A19103F-16F7-4668-BE54-9A1E7A4F7556}") = "EPR.RegulatorService.Facade.API", "src\EPR.RegulatorService.Facade.API\EPR.RegulatorService.Facade.API.csproj", "{FCB40D6B-9D12-473A-BC80-618DD1DADAFF}"
EndProject
Project("{9A19103F-16F7-4668-BE54-9A1E7A4F7556}") = "EPR.RegulatorService.Facade.Core", "src\EPR.RegulatorService.Facade.Core\EPR.RegulatorService.Facade.Core.csproj", "{E47E75A0-7FE4-4DA9-948E-AE86913BCCA6}"
EndProject
Project("{9A19103F-16F7-4668-BE54-9A1E7A4F7556}") = "EPR.RegulatorService.Facade.UnitTests", "src\EPR.RegulatorService.Facade.UnitTests\EPR.RegulatorService.Facade.UnitTests.csproj", "{2BC324C5-D5E9-48AA-945F-18F232611380}"
EndProject
Project("{9A19103F-16F7-4668-BE54-9A1E7A4F7556}") = "MockCommonData", "src\MockCommonData\MockCommonData.csproj", "{A1B2C3D4-E5F6-7890-ABCD-EF1234567890}"
EndProject
Project("{9A19103F-16F7-4668-BE54-9A1E7A4F7556}") = "IntegrationTests", "src\IntegrationTests\IntegrationTests.csproj", "{B2C3D4E5-F6A7-8901-BCDE-F12345678901}"
EndProject
Project("{2150E333-8FDC-42A3-9474-1A3956D46DE8}") = "Solution Items", "Solution Items", "{0B93F1BA-6D4D-4C3E-9533-EEEAB86979F6}"
	ProjectSection(SolutionItems) = preProject
		RegistrationDecisionEmailTemplate.md = RegistrationDecisionEmailTemplate.md
		RegistrationQueriedEmailTemplate.md = RegistrationQueriedEmailTemplate.md
		RegistrationResubmissionDecisionEmailTemplate.md = RegistrationResubmissionDecisionEmailTemplate.md
		RegistrationWelshDecisionEmailTemplate.md = RegistrationWelshDecisionEmailTemplate.md
		RegistrationWelshQueriedEmailTemplate.md = RegistrationWelshQueriedEmailTemplate.md
		RegistrationWelshResubmissionDecisionEmailTemplate.md = RegistrationWelshResubmissionDecisionEmailTemplate.md
		CONTRIBUTING.md = CONTRIBUTING.md
		LICENCE.md = LICENCE.md
		README.md = README.md
		.gitignore = .gitignore
		.gitleaksignore = .gitleaksignore
		Directory.Build.props = Directory.Build.props
		CODEOWNERS = CODEOWNERS
		Makefile = Makefile
		SonarAnalyzer.ruleset = SonarAnalyzer.ruleset
	EndProjectSection
EndProject
Project("{2150E333-8FDC-42A3-9474-1A3956D46DE8}") = "buildscripts", "buildscripts", "{B0C16C5E-43FB-4551-A452-A5BD8307EEA9}"
	ProjectSection(SolutionItems) = preProject
		buildscripts\all-tests.sh = buildscripts\all-tests.sh
		buildscripts\unit-tests.sh = buildscripts\unit-tests.sh
		buildscripts\run.sh = buildscripts\run.sh
		buildscripts\util.make = buildscripts\util.make
	EndProjectSection
EndProject
Project("{2150E333-8FDC-42A3-9474-1A3956D46DE8}") = "pipelines", "pipelines", "{F4414335-52B4-4277-9C3E-B74551214253}"
	ProjectSection(SolutionItems) = preProject
		pipelines\deployment-pipeline.yaml = pipelines\deployment-pipeline.yaml
		pipelines\azure-pipelines.yml = pipelines\azure-pipelines.yml
	EndProjectSection
EndProject
Project("{2150E333-8FDC-42A3-9474-1A3956D46DE8}") = "vars", "vars", "{37FBC036-0C16-49BF-A07B-59CDDF992F4B}"
	ProjectSection(SolutionItems) = preProject
		pipelines\vars\DEV9-development.yaml = pipelines\vars\DEV9-development.yaml
		pipelines\vars\DEV12-development.yaml = pipelines\vars\DEV12-development.yaml
		pipelines\vars\DEV11-development.yaml = pipelines\vars\DEV11-development.yaml
		pipelines\vars\preprod.yaml = pipelines\vars\preprod.yaml
		pipelines\vars\DEV6-development.yaml = pipelines\vars\DEV6-development.yaml
		pipelines\vars\DEV3-development.yaml = pipelines\vars\DEV3-development.yaml
		pipelines\vars\DEV8-development.yaml = pipelines\vars\DEV8-development.yaml
		pipelines\vars\DEV1-development.yaml = pipelines\vars\DEV1-development.yaml
		pipelines\vars\DEV16-development.yaml = pipelines\vars\DEV16-development.yaml
		pipelines\vars\DEV15.yaml = pipelines\vars\DEV15.yaml
		pipelines\vars\DEV10-development.yaml = pipelines\vars\DEV10-development.yaml
		pipelines\vars\DEV2-development.yaml = pipelines\vars\DEV2-development.yaml
		pipelines\vars\tst.yaml = pipelines\vars\tst.yaml
		pipelines\vars\DEV5-development.yaml = pipelines\vars\DEV5-development.yaml
		pipelines\vars\DEV7-development.yaml = pipelines\vars\DEV7-development.yaml
		pipelines\vars\prod.yaml = pipelines\vars\prod.yaml
		pipelines\vars\DEV14-development.yaml = pipelines\vars\DEV14-development.yaml
		pipelines\vars\preprod2.yaml = pipelines\vars\preprod2.yaml
		pipelines\vars\DEV13-development.yaml = pipelines\vars\DEV13-development.yaml
		pipelines\vars\DEV4-development.yaml = pipelines\vars\DEV4-development.yaml
	EndProjectSection
EndProject
Project("{2150E333-8FDC-42A3-9474-1A3956D46DE8}") = "templates", "templates", "{BA0D7669-2CF2-463A-A471-ABD2BBC5CEAC}"
	ProjectSection(SolutionItems) = preProject
		pipelines\templates\docker.yaml = pipelines\templates\docker.yaml
	EndProjectSection
EndProject
Project("{FAE04EC0-301F-11D3-BF4B-00C04F79EFBC}") = "MockAccountService", "src\MockAccountService\MockAccountService.csproj", "{D4CD740E-3E5C-4A77-BB44-FDF8DAA22896}"
EndProject
Global
	GlobalSection(SolutionConfigurationPlatforms) = preSolution
		Debug|Any CPU = Debug|Any CPU
		Release|Any CPU = Release|Any CPU
	EndGlobalSection
	GlobalSection(ProjectConfigurationPlatforms) = postSolution
		{FCB40D6B-9D12-473A-BC80-618DD1DADAFF}.Debug|Any CPU.ActiveCfg = Debug|Any CPU
		{FCB40D6B-9D12-473A-BC80-618DD1DADAFF}.Debug|Any CPU.Build.0 = Debug|Any CPU
		{FCB40D6B-9D12-473A-BC80-618DD1DADAFF}.Release|Any CPU.ActiveCfg = Release|Any CPU
		{FCB40D6B-9D12-473A-BC80-618DD1DADAFF}.Release|Any CPU.Build.0 = Release|Any CPU
		{E47E75A0-7FE4-4DA9-948E-AE86913BCCA6}.Debug|Any CPU.ActiveCfg = Debug|Any CPU
		{E47E75A0-7FE4-4DA9-948E-AE86913BCCA6}.Debug|Any CPU.Build.0 = Debug|Any CPU
		{E47E75A0-7FE4-4DA9-948E-AE86913BCCA6}.Release|Any CPU.ActiveCfg = Release|Any CPU
		{E47E75A0-7FE4-4DA9-948E-AE86913BCCA6}.Release|Any CPU.Build.0 = Release|Any CPU
		{2BC324C5-D5E9-48AA-945F-18F232611380}.Debug|Any CPU.ActiveCfg = Debug|Any CPU
		{2BC324C5-D5E9-48AA-945F-18F232611380}.Debug|Any CPU.Build.0 = Debug|Any CPU
		{2BC324C5-D5E9-48AA-945F-18F232611380}.Release|Any CPU.ActiveCfg = Release|Any CPU
		{2BC324C5-D5E9-48AA-945F-18F232611380}.Release|Any CPU.Build.0 = Release|Any CPU
		{A1B2C3D4-E5F6-7890-ABCD-EF1234567890}.Debug|Any CPU.ActiveCfg = Debug|Any CPU
		{A1B2C3D4-E5F6-7890-ABCD-EF1234567890}.Debug|Any CPU.Build.0 = Debug|Any CPU
		{A1B2C3D4-E5F6-7890-ABCD-EF1234567890}.Release|Any CPU.ActiveCfg = Release|Any CPU
		{A1B2C3D4-E5F6-7890-ABCD-EF1234567890}.Release|Any CPU.Build.0 = Release|Any CPU
		{B2C3D4E5-F6A7-8901-BCDE-F12345678901}.Debug|Any CPU.ActiveCfg = Debug|Any CPU
		{B2C3D4E5-F6A7-8901-BCDE-F12345678901}.Debug|Any CPU.Build.0 = Debug|Any CPU
		{B2C3D4E5-F6A7-8901-BCDE-F12345678901}.Release|Any CPU.ActiveCfg = Release|Any CPU
		{B2C3D4E5-F6A7-8901-BCDE-F12345678901}.Release|Any CPU.Build.0 = Release|Any CPU
		{D4CD740E-3E5C-4A77-BB44-FDF8DAA22896}.Debug|Any CPU.ActiveCfg = Debug|Any CPU
		{D4CD740E-3E5C-4A77-BB44-FDF8DAA22896}.Debug|Any CPU.Build.0 = Debug|Any CPU
		{D4CD740E-3E5C-4A77-BB44-FDF8DAA22896}.Release|Any CPU.ActiveCfg = Release|Any CPU
		{D4CD740E-3E5C-4A77-BB44-FDF8DAA22896}.Release|Any CPU.Build.0 = Release|Any CPU
	EndGlobalSection
	GlobalSection(SolutionProperties) = preSolution
		HideSolutionNode = FALSE
	EndGlobalSection
	GlobalSection(ExtensibilityGlobals) = postSolution
		SolutionGuid = {22C667D5-2E18-4114-907C-EE4648243C1C}
	EndGlobalSection
	GlobalSection(NestedProjects) = preSolution
		{B0C16C5E-43FB-4551-A452-A5BD8307EEA9} = {0B93F1BA-6D4D-4C3E-9533-EEEAB86979F6}
		{F4414335-52B4-4277-9C3E-B74551214253} = {0B93F1BA-6D4D-4C3E-9533-EEEAB86979F6}
		{37FBC036-0C16-49BF-A07B-59CDDF992F4B} = {F4414335-52B4-4277-9C3E-B74551214253}
		{BA0D7669-2CF2-463A-A471-ABD2BBC5CEAC} = {F4414335-52B4-4277-9C3E-B74551214253}
	EndGlobalSection
EndGlobal
